
Microsoft Visual Studio Solution File, Format Version 12.00
# Visual Studio Version 16
VisualStudioVersion = 16.0.30128.74
MinimumVisualStudioVersion = 10.0.40219.1
Project("{FAE04EC0-301F-11D3-BF4B-00C04F79EFBC}") = "LogYourLife", "LogYourLife\LogYourLife.csproj", "{40F0328C-9BA3-4A83-97BC-676F03C7719E}"
EndProject
Global
	GlobalSection(SolutionConfigurationPlatforms) = preSolution
		Debug|Any CPU = Debug|Any CPU
		Release|Any CPU = Release|Any CPU
	EndGlobalSection
	GlobalSection(ProjectConfigurationPlatforms) = postSolution
		{40F0328C-9BA3-4A83-97BC-676F03C7719E}.Debug|Any CPU.ActiveCfg = Debug|Any CPU
		{40F0328C-9BA3-4A83-97BC-676F03C7719E}.Debug|Any CPU.Build.0 = Debug|Any CPU
		{40F0328C-9BA3-4A83-97BC-676F03C7719E}.Release|Any CPU.ActiveCfg = Release|Any CPU
		{40F0328C-9BA3-4A83-97BC-676F03C7719E}.Release|Any CPU.Build.0 = Release|Any CPU
	EndGlobalSection
	GlobalSection(SolutionProperties) = preSolution
		HideSolutionNode = FALSE
	EndGlobalSection
	GlobalSection(ExtensibilityGlobals) = postSolution
		SolutionGuid = {E633EF93-C044-4608-B0EF-82D90F3125B8}
	EndGlobalSection
EndGlobal
